
Microsoft Visual Studio Solution File, Format Version 12.00
# Visual Studio Version 16
VisualStudioVersion = 16.0.30717.126
MinimumVisualStudioVersion = 10.0.40219.1
Project("{FAE04EC0-301F-11D3-BF4B-00C04F79EFBC}") = "ArcGIS_ServiceCallingWrapper", "ArcGIS_ServiceCallingWrapper\ArcGIS_ServiceCallingWrapper.csproj", "{08B0042A-AE99-48BE-96C5-F12A1C9260F1}"
EndProject
Project("{FAE04EC0-301F-11D3-BF4B-00C04F79EFBC}") = "ArcGIS_ServiceCallingTest", "ArcGIS_ServiceCallingTest\ArcGIS_ServiceCallingTest.csproj", "{910EBBB9-A6B4-4517-9C56-48A5D62986E6}"
EndProject
Global
	GlobalSection(SolutionConfigurationPlatforms) = preSolution
		Debug|Any CPU = Debug|Any CPU
		Debug|x64 = Debug|x64
		Release|Any CPU = Release|Any CPU
		Release|x64 = Release|x64
	EndGlobalSection
	GlobalSection(ProjectConfigurationPlatforms) = postSolution
		{08B0042A-AE99-48BE-96C5-F12A1C9260F1}.Debug|Any CPU.ActiveCfg = Debug|Any CPU
		{08B0042A-AE99-48BE-96C5-F12A1C9260F1}.Debug|Any CPU.Build.0 = Debug|Any CPU
		{08B0042A-AE99-48BE-96C5-F12A1C9260F1}.Debug|x64.ActiveCfg = Debug|Any CPU
		{08B0042A-AE99-48BE-96C5-F12A1C9260F1}.Debug|x64.Build.0 = Debug|Any CPU
		{08B0042A-AE99-48BE-96C5-F12A1C9260F1}.Release|Any CPU.ActiveCfg = Release|Any CPU
		{08B0042A-AE99-48BE-96C5-F12A1C9260F1}.Release|Any CPU.Build.0 = Release|Any CPU
		{08B0042A-AE99-48BE-96C5-F12A1C9260F1}.Release|x64.ActiveCfg = Release|Any CPU
		{08B0042A-AE99-48BE-96C5-F12A1C9260F1}.Release|x64.Build.0 = Release|Any CPU
		{910EBBB9-A6B4-4517-9C56-48A5D62986E6}.Debug|Any CPU.ActiveCfg = Debug|Any CPU
		{910EBBB9-A6B4-4517-9C56-48A5D62986E6}.Debug|Any CPU.Build.0 = Debug|Any CPU
		{910EBBB9-A6B4-4517-9C56-48A5D62986E6}.Debug|x64.ActiveCfg = Debug|Any CPU
		{910EBBB9-A6B4-4517-9C56-48A5D62986E6}.Debug|x64.Build.0 = Debug|Any CPU
		{910EBBB9-A6B4-4517-9C56-48A5D62986E6}.Release|Any CPU.ActiveCfg = Release|Any CPU
		{910EBBB9-A6B4-4517-9C56-48A5D62986E6}.Release|Any CPU.Build.0 = Release|Any CPU
		{910EBBB9-A6B4-4517-9C56-48A5D62986E6}.Release|x64.ActiveCfg = Release|Any CPU
		{910EBBB9-A6B4-4517-9C56-48A5D62986E6}.Release|x64.Build.0 = Release|Any CPU
	EndGlobalSection
	GlobalSection(SolutionProperties) = preSolution
		HideSolutionNode = FALSE
	EndGlobalSection
	GlobalSection(ExtensibilityGlobals) = postSolution
		SolutionGuid = {7EE4001D-1C16-4D21-A3D2-4E76C2B331D3}
	EndGlobalSection
EndGlobal
